
Microsoft Visual Studio Solution File, Format Version 11.00
# Visual Studio 2010
Project("{FAE04EC0-301F-11D3-BF4B-00C04F79EFBC}") = "Assembly-CSharp", "Assembly-CSharp.csproj", "{139a0ae1-e1c1-8835-608d-ef469afc098f}"
EndProject
Project("{FAE04EC0-301F-11D3-BF4B-00C04F79EFBC}") = "Assembly-CSharp-Editor", "Assembly-CSharp-Editor.csproj", "{7fda7189-b68c-d02c-dcd3-9a0bc9575a5d}"
EndProject
Global
	GlobalSection(SolutionConfigurationPlatforms) = preSolution
		Debug|Any CPU = Debug|Any CPU
		Release|Any CPU = Release|Any CPU
	EndGlobalSection
	GlobalSection(ProjectConfigurationPlatforms) = postSolution
		{139a0ae1-e1c1-8835-608d-ef469afc098f}.Debug|Any CPU.ActiveCfg = Debug|Any CPU
		{139a0ae1-e1c1-8835-608d-ef469afc098f}.Debug|Any CPU.Build.0 = Debug|Any CPU
		{139a0ae1-e1c1-8835-608d-ef469afc098f}.Release|Any CPU.ActiveCfg = Release|Any CPU
		{139a0ae1-e1c1-8835-608d-ef469afc098f}.Release|Any CPU.Build.0 = Release|Any CPU
		{7fda7189-b68c-d02c-dcd3-9a0bc9575a5d}.Debug|Any CPU.ActiveCfg = Debug|Any CPU
		{7fda7189-b68c-d02c-dcd3-9a0bc9575a5d}.Debug|Any CPU.Build.0 = Debug|Any CPU
		{7fda7189-b68c-d02c-dcd3-9a0bc9575a5d}.Release|Any CPU.ActiveCfg = Release|Any CPU
		{7fda7189-b68c-d02c-dcd3-9a0bc9575a5d}.Release|Any CPU.Build.0 = Release|Any CPU
	EndGlobalSection
	GlobalSection(SolutionProperties) = preSolution
		HideSolutionNode = FALSE
	EndGlobalSection
EndGlobal
